
Microsoft Visual Studio Solution File, Format Version 12.00
# Visual Studio Version 17
VisualStudioVersion = 17.6.33815.320
MinimumVisualStudioVersion = 10.0.40219.1
Project("{FAE04EC0-301F-11D3-BF4B-00C04F79EFBC}") = "WelcomeLib", "WelcomeLib\WelcomeLib.csproj", "{16001DB2-C19A-4C8F-9EA2-860A78D86F64}"
EndProject
Global
	GlobalSection(SolutionConfigurationPlatforms) = preSolution
		Debug|Any CPU = Debug|Any CPU
		Release|Any CPU = Release|Any CPU
	EndGlobalSection
	GlobalSection(ProjectConfigurationPlatforms) = postSolution
		{16001DB2-C19A-4C8F-9EA2-860A78D86F64}.Debug|Any CPU.ActiveCfg = Debug|Any CPU
		{16001DB2-C19A-4C8F-9EA2-860A78D86F64}.Debug|Any CPU.Build.0 = Debug|Any CPU
		{16001DB2-C19A-4C8F-9EA2-860A78D86F64}.Release|Any CPU.ActiveCfg = Release|Any CPU
		{16001DB2-C19A-4C8F-9EA2-860A78D86F64}.Release|Any CPU.Build.0 = Release|Any CPU
	EndGlobalSection
	GlobalSection(SolutionProperties) = preSolution
		HideSolutionNode = FALSE
	EndGlobalSection
	GlobalSection(ExtensibilityGlobals) = postSolution
		SolutionGuid = {908CD24C-161A-43A5-8F95-1B8FC298CAF7}
	EndGlobalSection
EndGlobal
